
Microsoft Visual Studio Solution File, Format Version 12.00
# Visual Studio Version 17
VisualStudioVersion = 17.11.35208.52
MinimumVisualStudioVersion = 10.0.40219.1
Project("{FAE04EC0-301F-11D3-BF4B-00C04F79EFBC}") = "Week 2 Practical", "Week 2 Practical\Week 2 Practical.csproj", "{A2880D69-5514-45B4-B836-5BE106D5F3E1}"
EndProject
Global
	GlobalSection(SolutionConfigurationPlatforms) = preSolution
		Debug|Any CPU = Debug|Any CPU
		Release|Any CPU = Release|Any CPU
	EndGlobalSection
	GlobalSection(ProjectConfigurationPlatforms) = postSolution
		{A2880D69-5514-45B4-B836-5BE106D5F3E1}.Debug|Any CPU.ActiveCfg = Debug|Any CPU
		{A2880D69-5514-45B4-B836-5BE106D5F3E1}.Debug|Any CPU.Build.0 = Debug|Any CPU
		{A2880D69-5514-45B4-B836-5BE106D5F3E1}.Release|Any CPU.ActiveCfg = Release|Any CPU
		{A2880D69-5514-45B4-B836-5BE106D5F3E1}.Release|Any CPU.Build.0 = Release|Any CPU
	EndGlobalSection
	GlobalSection(SolutionProperties) = preSolution
		HideSolutionNode = FALSE
	EndGlobalSection
	GlobalSection(ExtensibilityGlobals) = postSolution
		SolutionGuid = {A2E5E049-3D33-41E3-A3F9-028C04C71F6A}
	EndGlobalSection
EndGlobal
